
Microsoft Visual Studio Solution File, Format Version 12.00
# Visual Studio 14
VisualStudioVersion = 14.0.25420.1
MinimumVisualStudioVersion = 10.0.40219.1
Project("{FAE04EC0-301F-11D3-BF4B-00C04F79EFBC}") = "Calculator", "Calculator\Calculator\Calculator.csproj", "{7DFAC899-CC09-4CA3-85D0-5BD093DD18FB}"
EndProject
Project("{FAE04EC0-301F-11D3-BF4B-00C04F79EFBC}") = "Calculator.Droid", "Calculator\Calculator.Droid\Calculator.Droid.csproj", "{313A994E-5DE6-4285-869D-2C2CEE78D4E3}"
EndProject
Project("{FAE04EC0-301F-11D3-BF4B-00C04F79EFBC}") = "Calculator.iOS", "Calculator\Calculator.iOS\Calculator.iOS.csproj", "{600845B6-B5F6-4D73-B0E5-61D96CC346A5}"
EndProject
Project("{FAE04EC0-301F-11D3-BF4B-00C04F79EFBC}") = "Calculator.WinPhone", "Calculator\Calculator.WinPhone\Calculator.WinPhone.csproj", "{AD897BDE-4554-4133-B1F1-05E6BB34EEAD}"
EndProject
Project("{FAE04EC0-301F-11D3-BF4B-00C04F79EFBC}") = "Calculator.Windows", "Calculator\Calculator.Windows\Calculator.Windows.csproj", "{2FD6F37B-30A4-4FD5-83FE-EF016B6653F2}"
EndProject
Global
	GlobalSection(SolutionConfigurationPlatforms) = preSolution
		Ad-Hoc|Any CPU = Ad-Hoc|Any CPU
		Ad-Hoc|ARM = Ad-Hoc|ARM
		Ad-Hoc|iPhone = Ad-Hoc|iPhone
		Ad-Hoc|iPhoneSimulator = Ad-Hoc|iPhoneSimulator
		Ad-Hoc|x64 = Ad-Hoc|x64
		Ad-Hoc|x86 = Ad-Hoc|x86
		AppStore|Any CPU = AppStore|Any CPU
		AppStore|ARM = AppStore|ARM
		AppStore|iPhone = AppStore|iPhone
		AppStore|iPhoneSimulator = AppStore|iPhoneSimulator
		AppStore|x64 = AppStore|x64
		AppStore|x86 = AppStore|x86
		Debug|Any CPU = Debug|Any CPU
		Debug|ARM = Debug|ARM
		Debug|iPhone = Debug|iPhone
		Debug|iPhoneSimulator = Debug|iPhoneSimulator
		Debug|x64 = Debug|x64
		Debug|x86 = Debug|x86
		Release|Any CPU = Release|Any CPU
		Release|ARM = Release|ARM
		Release|iPhone = Release|iPhone
		Release|iPhoneSimulator = Release|iPhoneSimulator
		Release|x64 = Release|x64
		Release|x86 = Release|x86
	EndGlobalSection
	GlobalSection(ProjectConfigurationPlatforms) = postSolution
		{7DFAC899-CC09-4CA3-85D0-5BD093DD18FB}.Ad-Hoc|Any CPU.ActiveCfg = Release|Any CPU
		{7DFAC899-CC09-4CA3-85D0-5BD093DD18FB}.Ad-Hoc|Any CPU.Build.0 = Release|Any CPU
		{7DFAC899-CC09-4CA3-85D0-5BD093DD18FB}.Ad-Hoc|ARM.ActiveCfg = Release|Any CPU
		{7DFAC899-CC09-4CA3-85D0-5BD093DD18FB}.Ad-Hoc|ARM.Build.0 = Release|Any CPU
		{7DFAC899-CC09-4CA3-85D0-5BD093DD18FB}.Ad-Hoc|iPhone.ActiveCfg = Release|Any CPU
		{7DFAC899-CC09-4CA3-85D0-5BD093DD18FB}.Ad-Hoc|iPhone.Build.0 = Release|Any CPU
		{7DFAC899-CC09-4CA3-85D0-5BD093DD18FB}.Ad-Hoc|iPhoneSimulator.ActiveCfg = Release|Any CPU
		{7DFAC899-CC09-4CA3-85D0-5BD093DD18FB}.Ad-Hoc|iPhoneSimulator.Build.0 = Release|Any CPU
		{7DFAC899-CC09-4CA3-85D0-5BD093DD18FB}.Ad-Hoc|x64.ActiveCfg = Release|Any CPU
		{7DFAC899-CC09-4CA3-85D0-5BD093DD18FB}.Ad-Hoc|x64.Build.0 = Release|Any CPU
		{7DFAC899-CC09-4CA3-85D0-5BD093DD18FB}.Ad-Hoc|x86.ActiveCfg = Release|Any CPU
		{7DFAC899-CC09-4CA3-85D0-5BD093DD18FB}.Ad-Hoc|x86.Build.0 = Release|Any CPU
		{7DFAC899-CC09-4CA3-85D0-5BD093DD18FB}.AppStore|Any CPU.ActiveCfg = Release|Any CPU
		{7DFAC899-CC09-4CA3-85D0-5BD093DD18FB}.AppStore|Any CPU.Build.0 = Release|Any CPU
		{7DFAC899-CC09-4CA3-85D0-5BD093DD18FB}.AppStore|ARM.ActiveCfg = Release|Any CPU
		{7DFAC899-CC09-4CA3-85D0-5BD093DD18FB}.AppStore|ARM.Build.0 = Release|Any CPU
		{7DFAC899-CC09-4CA3-85D0-5BD093DD18FB}.AppStore|iPhone.ActiveCfg = Release|Any CPU
		{7DFAC899-CC09-4CA3-85D0-5BD093DD18FB}.AppStore|iPhone.Build.0 = Release|Any CPU
		{7DFAC899-CC09-4CA3-85D0-5BD093DD18FB}.AppStore|iPhoneSimulator.ActiveCfg = Release|Any CPU
		{7DFAC899-CC09-4CA3-85D0-5BD093DD18FB}.AppStore|iPhoneSimulator.Build.0 = Release|Any CPU
		{7DFAC899-CC09-4CA3-85D0-5BD093DD18FB}.AppStore|x64.ActiveCfg = Release|Any CPU
		{7DFAC899-CC09-4CA3-85D0-5BD093DD18FB}.AppStore|x64.Build.0 = Release|Any CPU
		{7DFAC899-CC09-4CA3-85D0-5BD093DD18FB}.AppStore|x86.ActiveCfg = Release|Any CPU
		{7DFAC899-CC09-4CA3-85D0-5BD093DD18FB}.AppStore|x86.Build.0 = Release|Any CPU
		{7DFAC899-CC09-4CA3-85D0-5BD093DD18FB}.Debug|Any CPU.ActiveCfg = Debug|Any CPU
		{7DFAC899-CC09-4CA3-85D0-5BD093DD18FB}.Debug|Any CPU.Build.0 = Debug|Any CPU
		{7DFAC899-CC09-4CA3-85D0-5BD093DD18FB}.Debug|ARM.ActiveCfg = Debug|Any CPU
		{7DFAC899-CC09-4CA3-85D0-5BD093DD18FB}.Debug|ARM.Build.0 = Debug|Any CPU
		{7DFAC899-CC09-4CA3-85D0-5BD093DD18FB}.Debug|iPhone.ActiveCfg = Debug|Any CPU
		{7DFAC899-CC09-4CA3-85D0-5BD093DD18FB}.Debug|iPhone.Build.0 = Debug|Any CPU
		{7DFAC899-CC09-4CA3-85D0-5BD093DD18FB}.Debug|iPhoneSimulator.ActiveCfg = Debug|Any CPU
		{7DFAC899-CC09-4CA3-85D0-5BD093DD18FB}.Debug|iPhoneSimulator.Build.0 = Debug|Any CPU
		{7DFAC899-CC09-4CA3-85D0-5BD093DD18FB}.Debug|x64.ActiveCfg = Debug|Any CPU
		{7DFAC899-CC09-4CA3-85D0-5BD093DD18FB}.Debug|x64.Build.0 = Debug|Any CPU
		{7DFAC899-CC09-4CA3-85D0-5BD093DD18FB}.Debug|x86.ActiveCfg = Debug|Any CPU
		{7DFAC899-CC09-4CA3-85D0-5BD093DD18FB}.Debug|x86.Build.0 = Debug|Any CPU
		{7DFAC899-CC09-4CA3-85D0-5BD093DD18FB}.Release|Any CPU.ActiveCfg = Release|Any CPU
		{7DFAC899-CC09-4CA3-85D0-5BD093DD18FB}.Release|Any CPU.Build.0 = Release|Any CPU
		{7DFAC899-CC09-4CA3-85D0-5BD093DD18FB}.Release|ARM.ActiveCfg = Release|Any CPU
		{7DFAC899-CC09-4CA3-85D0-5BD093DD18FB}.Release|ARM.Build.0 = Release|Any CPU
		{7DFAC899-CC09-4CA3-85D0-5BD093DD18FB}.Release|iPhone.ActiveCfg = Release|Any CPU
		{7DFAC899-CC09-4CA3-85D0-5BD093DD18FB}.Release|iPhone.Build.0 = Release|Any CPU
		{7DFAC899-CC09-4CA3-85D0-5BD093DD18FB}.Release|iPhoneSimulator.ActiveCfg = Release|Any CPU
		{7DFAC899-CC09-4CA3-85D0-5BD093DD18FB}.Release|iPhoneSimulator.Build.0 = Release|Any CPU
		{7DFAC899-CC09-4CA3-85D0-5BD093DD18FB}.Release|x64.ActiveCfg = Release|Any CPU
		{7DFAC899-CC09-4CA3-85D0-5BD093DD18FB}.Release|x64.Build.0 = Release|Any CPU
		{7DFAC899-CC09-4CA3-85D0-5BD093DD18FB}.Release|x86.ActiveCfg = Release|Any CPU
		{7DFAC899-CC09-4CA3-85D0-5BD093DD18FB}.Release|x86.Build.0 = Release|Any CPU
		{313A994E-5DE6-4285-869D-2C2CEE78D4E3}.Ad-Hoc|Any CPU.ActiveCfg = Release|Any CPU
		{313A994E-5DE6-4285-869D-2C2CEE78D4E3}.Ad-Hoc|Any CPU.Build.0 = Release|Any CPU
		{313A994E-5DE6-4285-869D-2C2CEE78D4E3}.Ad-Hoc|Any CPU.Deploy.0 = Release|Any CPU
		{313A994E-5DE6-4285-869D-2C2CEE78D4E3}.Ad-Hoc|ARM.ActiveCfg = Release|Any CPU
		{313A994E-5DE6-4285-869D-2C2CEE78D4E3}.Ad-Hoc|ARM.Build.0 = Release|Any CPU
		{313A994E-5DE6-4285-869D-2C2CEE78D4E3}.Ad-Hoc|ARM.Deploy.0 = Release|Any CPU
		{313A994E-5DE6-4285-869D-2C2CEE78D4E3}.Ad-Hoc|iPhone.ActiveCfg = Release|Any CPU
		{313A994E-5DE6-4285-869D-2C2CEE78D4E3}.Ad-Hoc|iPhone.Build.0 = Release|Any CPU
		{313A994E-5DE6-4285-869D-2C2CEE78D4E3}.Ad-Hoc|iPhone.Deploy.0 = Release|Any CPU
		{313A994E-5DE6-4285-869D-2C2CEE78D4E3}.Ad-Hoc|iPhoneSimulator.ActiveCfg = Release|Any CPU
		{313A994E-5DE6-4285-869D-2C2CEE78D4E3}.Ad-Hoc|iPhoneSimulator.Build.0 = Release|Any CPU
		{313A994E-5DE6-4285-869D-2C2CEE78D4E3}.Ad-Hoc|iPhoneSimulator.Deploy.0 = Release|Any CPU
		{313A994E-5DE6-4285-869D-2C2CEE78D4E3}.Ad-Hoc|x64.ActiveCfg = Release|Any CPU
		{313A994E-5DE6-4285-869D-2C2CEE78D4E3}.Ad-Hoc|x64.Build.0 = Release|Any CPU
		{313A994E-5DE6-4285-869D-2C2CEE78D4E3}.Ad-Hoc|x64.Deploy.0 = Release|Any CPU
		{313A994E-5DE6-4285-869D-2C2CEE78D4E3}.Ad-Hoc|x86.ActiveCfg = Release|Any CPU
		{313A994E-5DE6-4285-869D-2C2CEE78D4E3}.Ad-Hoc|x86.Build.0 = Release|Any CPU
		{313A994E-5DE6-4285-869D-2C2CEE78D4E3}.Ad-Hoc|x86.Deploy.0 = Release|Any CPU
		{313A994E-5DE6-4285-869D-2C2CEE78D4E3}.AppStore|Any CPU.ActiveCfg = Release|Any CPU
		{313A994E-5DE6-4285-869D-2C2CEE78D4E3}.AppStore|Any CPU.Build.0 = Release|Any CPU
		{313A994E-5DE6-4285-869D-2C2CEE78D4E3}.AppStore|Any CPU.Deploy.0 = Release|Any CPU
		{313A994E-5DE6-4285-869D-2C2CEE78D4E3}.AppStore|ARM.ActiveCfg = Release|Any CPU
		{313A994E-5DE6-4285-869D-2C2CEE78D4E3}.AppStore|ARM.Build.0 = Release|Any CPU
		{313A994E-5DE6-4285-869D-2C2CEE78D4E3}.AppStore|ARM.Deploy.0 = Release|Any CPU
		{313A994E-5DE6-4285-869D-2C2CEE78D4E3}.AppStore|iPhone.ActiveCfg = Release|Any CPU
		{313A994E-5DE6-4285-869D-2C2CEE78D4E3}.AppStore|iPhone.Build.0 = Release|Any CPU
		{313A994E-5DE6-4285-869D-2C2CEE78D4E3}.AppStore|iPhone.Deploy.0 = Release|Any CPU
		{313A994E-5DE6-4285-869D-2C2CEE78D4E3}.AppStore|iPhoneSimulator.ActiveCfg = Release|Any CPU
		{313A994E-5DE6-4285-869D-2C2CEE78D4E3}.AppStore|iPhoneSimulator.Build.0 = Release|Any CPU
		{313A994E-5DE6-4285-869D-2C2CEE78D4E3}.AppStore|iPhoneSimulator.Deploy.0 = Release|Any CPU
		{313A994E-5DE6-4285-869D-2C2CEE78D4E3}.AppStore|x64.ActiveCfg = Release|Any CPU
		{313A994E-5DE6-4285-869D-2C2CEE78D4E3}.AppStore|x64.Build.0 = Release|Any CPU
		{313A994E-5DE6-4285-869D-2C2CEE78D4E3}.AppStore|x64.Deploy.0 = Release|Any CPU
		{313A994E-5DE6-4285-869D-2C2CEE78D4E3}.AppStore|x86.ActiveCfg = Release|Any CPU
		{313A994E-5DE6-4285-869D-2C2CEE78D4E3}.AppStore|x86.Build.0 = Release|Any CPU
		{313A994E-5DE6-4285-869D-2C2CEE78D4E3}.AppStore|x86.Deploy.0 = Release|Any CPU
		{313A994E-5DE6-4285-869D-2C2CEE78D4E3}.Debug|Any CPU.ActiveCfg = Debug|Any CPU
		{313A994E-5DE6-4285-869D-2C2CEE78D4E3}.Debug|Any CPU.Build.0 = Debug|Any CPU
		{313A994E-5DE6-4285-869D-2C2CEE78D4E3}.Debug|Any CPU.Deploy.0 = Debug|Any CPU
		{313A994E-5DE6-4285-869D-2C2CEE78D4E3}.Debug|ARM.ActiveCfg = Debug|Any CPU
		{313A994E-5DE6-4285-869D-2C2CEE78D4E3}.Debug|ARM.Build.0 = Debug|Any CPU
		{313A994E-5DE6-4285-869D-2C2CEE78D4E3}.Debug|ARM.Deploy.0 = Debug|Any CPU
		{313A994E-5DE6-4285-869D-2C2CEE78D4E3}.Debug|iPhone.ActiveCfg = Debug|Any CPU
		{313A994E-5DE6-4285-869D-2C2CEE78D4E3}.Debug|iPhone.Build.0 = Debug|Any CPU
		{313A994E-5DE6-4285-869D-2C2CEE78D4E3}.Debug|iPhone.Deploy.0 = Debug|Any CPU
		{313A994E-5DE6-4285-869D-2C2CEE78D4E3}.Debug|iPhoneSimulator.ActiveCfg = Debug|Any CPU
		{313A994E-5DE6-4285-869D-2C2CEE78D4E3}.Debug|iPhoneSimulator.Build.0 = Debug|Any CPU
		{313A994E-5DE6-4285-869D-2C2CEE78D4E3}.Debug|iPhoneSimulator.Deploy.0 = Debug|Any CPU
		{313A994E-5DE6-4285-869D-2C2CEE78D4E3}.Debug|x64.ActiveCfg = Debug|Any CPU
		{313A994E-5DE6-4285-869D-2C2CEE78D4E3}.Debug|x64.Build.0 = Debug|Any CPU
		{313A994E-5DE6-4285-869D-2C2CEE78D4E3}.Debug|x64.Deploy.0 = Debug|Any CPU
		{313A994E-5DE6-4285-869D-2C2CEE78D4E3}.Debug|x86.ActiveCfg = Debug|Any CPU
		{313A994E-5DE6-4285-869D-2C2CEE78D4E3}.Debug|x86.Build.0 = Debug|Any CPU
		{313A994E-5DE6-4285-869D-2C2CEE78D4E3}.Debug|x86.Deploy.0 = Debug|Any CPU
		{313A994E-5DE6-4285-869D-2C2CEE78D4E3}.Release|Any CPU.ActiveCfg = Release|Any CPU
		{313A994E-5DE6-4285-869D-2C2CEE78D4E3}.Release|Any CPU.Build.0 = Release|Any CPU
		{313A994E-5DE6-4285-869D-2C2CEE78D4E3}.Release|Any CPU.Deploy.0 = Release|Any CPU
		{313A994E-5DE6-4285-869D-2C2CEE78D4E3}.Release|ARM.ActiveCfg = Release|Any CPU
		{313A994E-5DE6-4285-869D-2C2CEE78D4E3}.Release|ARM.Build.0 = Release|Any CPU
		{313A994E-5DE6-4285-869D-2C2CEE78D4E3}.Release|ARM.Deploy.0 = Release|Any CPU
		{313A994E-5DE6-4285-869D-2C2CEE78D4E3}.Release|iPhone.ActiveCfg = Release|Any CPU
		{313A994E-5DE6-4285-869D-2C2CEE78D4E3}.Release|iPhone.Build.0 = Release|Any CPU
		{313A994E-5DE6-4285-869D-2C2CEE78D4E3}.Release|iPhone.Deploy.0 = Release|Any CPU
		{313A994E-5DE6-4285-869D-2C2CEE78D4E3}.Release|iPhoneSimulator.ActiveCfg = Release|Any CPU
		{313A994E-5DE6-4285-869D-2C2CEE78D4E3}.Release|iPhoneSimulator.Build.0 = Release|Any CPU
		{313A994E-5DE6-4285-869D-2C2CEE78D4E3}.Release|iPhoneSimulator.Deploy.0 = Release|Any CPU
		{313A994E-5DE6-4285-869D-2C2CEE78D4E3}.Release|x64.ActiveCfg = Release|Any CPU
		{313A994E-5DE6-4285-869D-2C2CEE78D4E3}.Release|x64.Build.0 = Release|Any CPU
		{313A994E-5DE6-4285-869D-2C2CEE78D4E3}.Release|x64.Deploy.0 = Release|Any CPU
		{313A994E-5DE6-4285-869D-2C2CEE78D4E3}.Release|x86.ActiveCfg = Release|Any CPU
		{313A994E-5DE6-4285-869D-2C2CEE78D4E3}.Release|x86.Build.0 = Release|Any CPU
		{313A994E-5DE6-4285-869D-2C2CEE78D4E3}.Release|x86.Deploy.0 = Release|Any CPU
		{600845B6-B5F6-4D73-B0E5-61D96CC346A5}.Ad-Hoc|Any CPU.ActiveCfg = Ad-Hoc|iPhone
		{600845B6-B5F6-4D73-B0E5-61D96CC346A5}.Ad-Hoc|ARM.ActiveCfg = Ad-Hoc|iPhone
		{600845B6-B5F6-4D73-B0E5-61D96CC346A5}.Ad-Hoc|iPhone.ActiveCfg = Ad-Hoc|iPhone
		{600845B6-B5F6-4D73-B0E5-61D96CC346A5}.Ad-Hoc|iPhone.Build.0 = Ad-Hoc|iPhone
		{600845B6-B5F6-4D73-B0E5-61D96CC346A5}.Ad-Hoc|iPhoneSimulator.ActiveCfg = Ad-Hoc|iPhoneSimulator
		{600845B6-B5F6-4D73-B0E5-61D96CC346A5}.Ad-Hoc|iPhoneSimulator.Build.0 = Ad-Hoc|iPhoneSimulator
		{600845B6-B5F6-4D73-B0E5-61D96CC346A5}.Ad-Hoc|x64.ActiveCfg = Ad-Hoc|iPhone
		{600845B6-B5F6-4D73-B0E5-61D96CC346A5}.Ad-Hoc|x86.ActiveCfg = Ad-Hoc|iPhone
		{600845B6-B5F6-4D73-B0E5-61D96CC346A5}.AppStore|Any CPU.ActiveCfg = AppStore|iPhone
		{600845B6-B5F6-4D73-B0E5-61D96CC346A5}.AppStore|ARM.ActiveCfg = AppStore|iPhone
		{600845B6-B5F6-4D73-B0E5-61D96CC346A5}.AppStore|iPhone.ActiveCfg = AppStore|iPhone
		{600845B6-B5F6-4D73-B0E5-61D96CC346A5}.AppStore|iPhone.Build.0 = AppStore|iPhone
		{600845B6-B5F6-4D73-B0E5-61D96CC346A5}.AppStore|iPhoneSimulator.ActiveCfg = AppStore|iPhoneSimulator
		{600845B6-B5F6-4D73-B0E5-61D96CC346A5}.AppStore|iPhoneSimulator.Build.0 = AppStore|iPhoneSimulator
		{600845B6-B5F6-4D73-B0E5-61D96CC346A5}.AppStore|x64.ActiveCfg = AppStore|iPhone
		{600845B6-B5F6-4D73-B0E5-61D96CC346A5}.AppStore|x86.ActiveCfg = AppStore|iPhone
		{600845B6-B5F6-4D73-B0E5-61D96CC346A5}.Debug|Any CPU.ActiveCfg = Debug|iPhone
		{600845B6-B5F6-4D73-B0E5-61D96CC346A5}.Debug|ARM.ActiveCfg = Debug|iPhone
		{600845B6-B5F6-4D73-B0E5-61D96CC346A5}.Debug|iPhone.ActiveCfg = Debug|iPhone
		{600845B6-B5F6-4D73-B0E5-61D96CC346A5}.Debug|iPhone.Build.0 = Debug|iPhone
		{600845B6-B5F6-4D73-B0E5-61D96CC346A5}.Debug|iPhoneSimulator.ActiveCfg = Debug|iPhoneSimulator
		{600845B6-B5F6-4D73-B0E5-61D96CC346A5}.Debug|iPhoneSimulator.Build.0 = Debug|iPhoneSimulator
		{600845B6-B5F6-4D73-B0E5-61D96CC346A5}.Debug|x64.ActiveCfg = Debug|iPhone
		{600845B6-B5F6-4D73-B0E5-61D96CC346A5}.Debug|x86.ActiveCfg = Debug|iPhone
		{600845B6-B5F6-4D73-B0E5-61D96CC346A5}.Release|Any CPU.ActiveCfg = Release|iPhone
		{600845B6-B5F6-4D73-B0E5-61D96CC346A5}.Release|ARM.ActiveCfg = Release|iPhone
		{600845B6-B5F6-4D73-B0E5-61D96CC346A5}.Release|iPhone.ActiveCfg = Release|iPhone
		{600845B6-B5F6-4D73-B0E5-61D96CC346A5}.Release|iPhone.Build.0 = Release|iPhone
		{600845B6-B5F6-4D73-B0E5-61D96CC346A5}.Release|iPhoneSimulator.ActiveCfg = Release|iPhoneSimulator
		{600845B6-B5F6-4D73-B0E5-61D96CC346A5}.Release|iPhoneSimulator.Build.0 = Release|iPhoneSimulator
		{600845B6-B5F6-4D73-B0E5-61D96CC346A5}.Release|x64.ActiveCfg = Release|iPhone
		{600845B6-B5F6-4D73-B0E5-61D96CC346A5}.Release|x86.ActiveCfg = Release|iPhone
		{AD897BDE-4554-4133-B1F1-05E6BB34EEAD}.Ad-Hoc|Any CPU.ActiveCfg = Release|Any CPU
		{AD897BDE-4554-4133-B1F1-05E6BB34EEAD}.Ad-Hoc|Any CPU.Build.0 = Release|Any CPU
		{AD897BDE-4554-4133-B1F1-05E6BB34EEAD}.Ad-Hoc|Any CPU.Deploy.0 = Release|Any CPU
		{AD897BDE-4554-4133-B1F1-05E6BB34EEAD}.Ad-Hoc|ARM.ActiveCfg = Release|ARM
		{AD897BDE-4554-4133-B1F1-05E6BB34EEAD}.Ad-Hoc|ARM.Build.0 = Release|ARM
		{AD897BDE-4554-4133-B1F1-05E6BB34EEAD}.Ad-Hoc|ARM.Deploy.0 = Release|ARM
		{AD897BDE-4554-4133-B1F1-05E6BB34EEAD}.Ad-Hoc|iPhone.ActiveCfg = Release|Any CPU
		{AD897BDE-4554-4133-B1F1-05E6BB34EEAD}.Ad-Hoc|iPhone.Build.0 = Release|Any CPU
		{AD897BDE-4554-4133-B1F1-05E6BB34EEAD}.Ad-Hoc|iPhone.Deploy.0 = Release|Any CPU
		{AD897BDE-4554-4133-B1F1-05E6BB34EEAD}.Ad-Hoc|iPhoneSimulator.ActiveCfg = Release|Any CPU
		{AD897BDE-4554-4133-B1F1-05E6BB34EEAD}.Ad-Hoc|iPhoneSimulator.Build.0 = Release|Any CPU
		{AD897BDE-4554-4133-B1F1-05E6BB34EEAD}.Ad-Hoc|iPhoneSimulator.Deploy.0 = Release|Any CPU
		{AD897BDE-4554-4133-B1F1-05E6BB34EEAD}.Ad-Hoc|x64.ActiveCfg = Release|Any CPU
		{AD897BDE-4554-4133-B1F1-05E6BB34EEAD}.Ad-Hoc|x64.Build.0 = Release|Any CPU
		{AD897BDE-4554-4133-B1F1-05E6BB34EEAD}.Ad-Hoc|x64.Deploy.0 = Release|Any CPU
		{AD897BDE-4554-4133-B1F1-05E6BB34EEAD}.Ad-Hoc|x86.ActiveCfg = Release|x86
		{AD897BDE-4554-4133-B1F1-05E6BB34EEAD}.Ad-Hoc|x86.Build.0 = Release|x86
		{AD897BDE-4554-4133-B1F1-05E6BB34EEAD}.Ad-Hoc|x86.Deploy.0 = Release|x86
		{AD897BDE-4554-4133-B1F1-05E6BB34EEAD}.AppStore|Any CPU.ActiveCfg = Release|Any CPU
		{AD897BDE-4554-4133-B1F1-05E6BB34EEAD}.AppStore|Any CPU.Build.0 = Release|Any CPU
		{AD897BDE-4554-4133-B1F1-05E6BB34EEAD}.AppStore|Any CPU.Deploy.0 = Release|Any CPU
		{AD897BDE-4554-4133-B1F1-05E6BB34EEAD}.AppStore|ARM.ActiveCfg = Release|ARM
		{AD897BDE-4554-4133-B1F1-05E6BB34EEAD}.AppStore|ARM.Build.0 = Release|ARM
		{AD897BDE-4554-4133-B1F1-05E6BB34EEAD}.AppStore|ARM.Deploy.0 = Release|ARM
		{AD897BDE-4554-4133-B1F1-05E6BB34EEAD}.AppStore|iPhone.ActiveCfg = Release|Any CPU
		{AD897BDE-4554-4133-B1F1-05E6BB34EEAD}.AppStore|iPhone.Build.0 = Release|Any CPU
		{AD897BDE-4554-4133-B1F1-05E6BB34EEAD}.AppStore|iPhone.Deploy.0 = Release|Any CPU
		{AD897BDE-4554-4133-B1F1-05E6BB34EEAD}.AppStore|iPhoneSimulator.ActiveCfg = Release|Any CPU
		{AD897BDE-4554-4133-B1F1-05E6BB34EEAD}.AppStore|iPhoneSimulator.Build.0 = Release|Any CPU
		{AD897BDE-4554-4133-B1F1-05E6BB34EEAD}.AppStore|iPhoneSimulator.Deploy.0 = Release|Any CPU
		{AD897BDE-4554-4133-B1F1-05E6BB34EEAD}.AppStore|x64.ActiveCfg = Release|Any CPU
		{AD897BDE-4554-4133-B1F1-05E6BB34EEAD}.AppStore|x64.Build.0 = Release|Any CPU
		{AD897BDE-4554-4133-B1F1-05E6BB34EEAD}.AppStore|x64.Deploy.0 = Release|Any CPU
		{AD897BDE-4554-4133-B1F1-05E6BB34EEAD}.AppStore|x86.ActiveCfg = Release|x86
		{AD897BDE-4554-4133-B1F1-05E6BB34EEAD}.AppStore|x86.Build.0 = Release|x86
		{AD897BDE-4554-4133-B1F1-05E6BB34EEAD}.AppStore|x86.Deploy.0 = Release|x86
		{AD897BDE-4554-4133-B1F1-05E6BB34EEAD}.Debug|Any CPU.ActiveCfg = Debug|Any CPU
		{AD897BDE-4554-4133-B1F1-05E6BB34EEAD}.Debug|Any CPU.Build.0 = Debug|Any CPU
		{AD897BDE-4554-4133-B1F1-05E6BB34EEAD}.Debug|Any CPU.Deploy.0 = Debug|Any CPU
		{AD897BDE-4554-4133-B1F1-05E6BB34EEAD}.Debug|ARM.ActiveCfg = Debug|ARM
		{AD897BDE-4554-4133-B1F1-05E6BB34EEAD}.Debug|ARM.Build.0 = Debug|ARM
		{AD897BDE-4554-4133-B1F1-05E6BB34EEAD}.Debug|ARM.Deploy.0 = Debug|ARM
		{AD897BDE-4554-4133-B1F1-05E6BB34EEAD}.Debug|iPhone.ActiveCfg = Debug|Any CPU
		{AD897BDE-4554-4133-B1F1-05E6BB34EEAD}.Debug|iPhone.Build.0 = Debug|Any CPU
		{AD897BDE-4554-4133-B1F1-05E6BB34EEAD}.Debug|iPhone.Deploy.0 = Debug|Any CPU
		{AD897BDE-4554-4133-B1F1-05E6BB34EEAD}.Debug|iPhoneSimulator.ActiveCfg = Debug|Any CPU
		{AD897BDE-4554-4133-B1F1-05E6BB34EEAD}.Debug|iPhoneSimulator.Build.0 = Debug|Any CPU
		{AD897BDE-4554-4133-B1F1-05E6BB34EEAD}.Debug|iPhoneSimulator.Deploy.0 = Debug|Any CPU
		{AD897BDE-4554-4133-B1F1-05E6BB34EEAD}.Debug|x64.ActiveCfg = Debug|Any CPU
		{AD897BDE-4554-4133-B1F1-05E6BB34EEAD}.Debug|x64.Build.0 = Debug|Any CPU
		{AD897BDE-4554-4133-B1F1-05E6BB34EEAD}.Debug|x64.Deploy.0 = Debug|Any CPU
		{AD897BDE-4554-4133-B1F1-05E6BB34EEAD}.Debug|x86.ActiveCfg = Debug|x86
		{AD897BDE-4554-4133-B1F1-05E6BB34EEAD}.Debug|x86.Build.0 = Debug|x86
		{AD897BDE-4554-4133-B1F1-05E6BB34EEAD}.Debug|x86.Deploy.0 = Debug|x86
		{AD897BDE-4554-4133-B1F1-05E6BB34EEAD}.Release|Any CPU.ActiveCfg = Release|Any CPU
		{AD897BDE-4554-4133-B1F1-05E6BB34EEAD}.Release|Any CPU.Build.0 = Release|Any CPU
		{AD897BDE-4554-4133-B1F1-05E6BB34EEAD}.Release|Any CPU.Deploy.0 = Release|Any CPU
		{AD897BDE-4554-4133-B1F1-05E6BB34EEAD}.Release|ARM.ActiveCfg = Release|ARM
		{AD897BDE-4554-4133-B1F1-05E6BB34EEAD}.Release|ARM.Build.0 = Release|ARM
		{AD897BDE-4554-4133-B1F1-05E6BB34EEAD}.Release|ARM.Deploy.0 = Release|ARM
		{AD897BDE-4554-4133-B1F1-05E6BB34EEAD}.Release|iPhone.ActiveCfg = Release|Any CPU
		{AD897BDE-4554-4133-B1F1-05E6BB34EEAD}.Release|iPhone.Build.0 = Release|Any CPU
		{AD897BDE-4554-4133-B1F1-05E6BB34EEAD}.Release|iPhone.Deploy.0 = Release|Any CPU
		{AD897BDE-4554-4133-B1F1-05E6BB34EEAD}.Release|iPhoneSimulator.ActiveCfg = Release|Any CPU
		{AD897BDE-4554-4133-B1F1-05E6BB34EEAD}.Release|iPhoneSimulator.Build.0 = Release|Any CPU
		{AD897BDE-4554-4133-B1F1-05E6BB34EEAD}.Release|iPhoneSimulator.Deploy.0 = Release|Any CPU
		{AD897BDE-4554-4133-B1F1-05E6BB34EEAD}.Release|x64.ActiveCfg = Release|Any CPU
		{AD897BDE-4554-4133-B1F1-05E6BB34EEAD}.Release|x64.Build.0 = Release|Any CPU
		{AD897BDE-4554-4133-B1F1-05E6BB34EEAD}.Release|x64.Deploy.0 = Release|Any CPU
		{AD897BDE-4554-4133-B1F1-05E6BB34EEAD}.Release|x86.ActiveCfg = Release|x86
		{AD897BDE-4554-4133-B1F1-05E6BB34EEAD}.Release|x86.Build.0 = Release|x86
		{AD897BDE-4554-4133-B1F1-05E6BB34EEAD}.Release|x86.Deploy.0 = Release|x86
		{2FD6F37B-30A4-4FD5-83FE-EF016B6653F2}.Ad-Hoc|Any CPU.ActiveCfg = Release|Any CPU
		{2FD6F37B-30A4-4FD5-83FE-EF016B6653F2}.Ad-Hoc|Any CPU.Build.0 = Release|Any CPU
		{2FD6F37B-30A4-4FD5-83FE-EF016B6653F2}.Ad-Hoc|Any CPU.Deploy.0 = Release|Any CPU
		{2FD6F37B-30A4-4FD5-83FE-EF016B6653F2}.Ad-Hoc|ARM.ActiveCfg = Release|ARM
		{2FD6F37B-30A4-4FD5-83FE-EF016B6653F2}.Ad-Hoc|ARM.Build.0 = Release|ARM
		{2FD6F37B-30A4-4FD5-83FE-EF016B6653F2}.Ad-Hoc|ARM.Deploy.0 = Release|ARM
		{2FD6F37B-30A4-4FD5-83FE-EF016B6653F2}.Ad-Hoc|iPhone.ActiveCfg = Release|Any CPU
		{2FD6F37B-30A4-4FD5-83FE-EF016B6653F2}.Ad-Hoc|iPhone.Build.0 = Release|Any CPU
		{2FD6F37B-30A4-4FD5-83FE-EF016B6653F2}.Ad-Hoc|iPhone.Deploy.0 = Release|Any CPU
		{2FD6F37B-30A4-4FD5-83FE-EF016B6653F2}.Ad-Hoc|iPhoneSimulator.ActiveCfg = Release|Any CPU
		{2FD6F37B-30A4-4FD5-83FE-EF016B6653F2}.Ad-Hoc|iPhoneSimulator.Build.0 = Release|Any CPU
		{2FD6F37B-30A4-4FD5-83FE-EF016B6653F2}.Ad-Hoc|iPhoneSimulator.Deploy.0 = Release|Any CPU
		{2FD6F37B-30A4-4FD5-83FE-EF016B6653F2}.Ad-Hoc|x64.ActiveCfg = Release|x64
		{2FD6F37B-30A4-4FD5-83FE-EF016B6653F2}.Ad-Hoc|x64.Build.0 = Release|x64
		{2FD6F37B-30A4-4FD5-83FE-EF016B6653F2}.Ad-Hoc|x64.Deploy.0 = Release|x64
		{2FD6F37B-30A4-4FD5-83FE-EF016B6653F2}.Ad-Hoc|x86.ActiveCfg = Release|x86
		{2FD6F37B-30A4-4FD5-83FE-EF016B6653F2}.Ad-Hoc|x86.Build.0 = Release|x86
		{2FD6F37B-30A4-4FD5-83FE-EF016B6653F2}.Ad-Hoc|x86.Deploy.0 = Release|x86
		{2FD6F37B-30A4-4FD5-83FE-EF016B6653F2}.AppStore|Any CPU.ActiveCfg = Release|Any CPU
		{2FD6F37B-30A4-4FD5-83FE-EF016B6653F2}.AppStore|Any CPU.Build.0 = Release|Any CPU
		{2FD6F37B-30A4-4FD5-83FE-EF016B6653F2}.AppStore|Any CPU.Deploy.0 = Release|Any CPU
		{2FD6F37B-30A4-4FD5-83FE-EF016B6653F2}.AppStore|ARM.ActiveCfg = Release|ARM
		{2FD6F37B-30A4-4FD5-83FE-EF016B6653F2}.AppStore|ARM.Build.0 = Release|ARM
		{2FD6F37B-30A4-4FD5-83FE-EF016B6653F2}.AppStore|ARM.Deploy.0 = Release|ARM
		{2FD6F37B-30A4-4FD5-83FE-EF016B6653F2}.AppStore|iPhone.ActiveCfg = Release|Any CPU
		{2FD6F37B-30A4-4FD5-83FE-EF016B6653F2}.AppStore|iPhone.Build.0 = Release|Any CPU
		{2FD6F37B-30A4-4FD5-83FE-EF016B6653F2}.AppStore|iPhone.Deploy.0 = Release|Any CPU
		{2FD6F37B-30A4-4FD5-83FE-EF016B6653F2}.AppStore|iPhoneSimulator.ActiveCfg = Release|Any CPU
		{2FD6F37B-30A4-4FD5-83FE-EF016B6653F2}.AppStore|iPhoneSimulator.Build.0 = Release|Any CPU
		{2FD6F37B-30A4-4FD5-83FE-EF016B6653F2}.AppStore|iPhoneSimulator.Deploy.0 = Release|Any CPU
		{2FD6F37B-30A4-4FD5-83FE-EF016B6653F2}.AppStore|x64.ActiveCfg = Release|x64
		{2FD6F37B-30A4-4FD5-83FE-EF016B6653F2}.AppStore|x64.Build.0 = Release|x64
		{2FD6F37B-30A4-4FD5-83FE-EF016B6653F2}.AppStore|x64.Deploy.0 = Release|x64
		{2FD6F37B-30A4-4FD5-83FE-EF016B6653F2}.AppStore|x86.ActiveCfg = Release|x86
		{2FD6F37B-30A4-4FD5-83FE-EF016B6653F2}.AppStore|x86.Build.0 = Release|x86
		{2FD6F37B-30A4-4FD5-83FE-EF016B6653F2}.AppStore|x86.Deploy.0 = Release|x86
		{2FD6F37B-30A4-4FD5-83FE-EF016B6653F2}.Debug|Any CPU.ActiveCfg = Debug|Any CPU
		{2FD6F37B-30A4-4FD5-83FE-EF016B6653F2}.Debug|Any CPU.Build.0 = Debug|Any CPU
		{2FD6F37B-30A4-4FD5-83FE-EF016B6653F2}.Debug|Any CPU.Deploy.0 = Debug|Any CPU
		{2FD6F37B-30A4-4FD5-83FE-EF016B6653F2}.Debug|ARM.ActiveCfg = Debug|ARM
		{2FD6F37B-30A4-4FD5-83FE-EF016B6653F2}.Debug|ARM.Build.0 = Debug|ARM
		{2FD6F37B-30A4-4FD5-83FE-EF016B6653F2}.Debug|ARM.Deploy.0 = Debug|ARM
		{2FD6F37B-30A4-4FD5-83FE-EF016B6653F2}.Debug|iPhone.ActiveCfg = Debug|Any CPU
		{2FD6F37B-30A4-4FD5-83FE-EF016B6653F2}.Debug|iPhone.Build.0 = Debug|Any CPU
		{2FD6F37B-30A4-4FD5-83FE-EF016B6653F2}.Debug|iPhone.Deploy.0 = Debug|Any CPU
		{2FD6F37B-30A4-4FD5-83FE-EF016B6653F2}.Debug|iPhoneSimulator.ActiveCfg = Debug|Any CPU
		{2FD6F37B-30A4-4FD5-83FE-EF016B6653F2}.Debug|iPhoneSimulator.Build.0 = Debug|Any CPU
		{2FD6F37B-30A4-4FD5-83FE-EF016B6653F2}.Debug|iPhoneSimulator.Deploy.0 = Debug|Any CPU
		{2FD6F37B-30A4-4FD5-83FE-EF016B6653F2}.Debug|x64.ActiveCfg = Debug|x64
		{2FD6F37B-30A4-4FD5-83FE-EF016B6653F2}.Debug|x64.Build.0 = Debug|x64
		{2FD6F37B-30A4-4FD5-83FE-EF016B6653F2}.Debug|x64.Deploy.0 = Debug|x64
		{2FD6F37B-30A4-4FD5-83FE-EF016B6653F2}.Debug|x86.ActiveCfg = Debug|x86
		{2FD6F37B-30A4-4FD5-83FE-EF016B6653F2}.Debug|x86.Build.0 = Debug|x86
		{2FD6F37B-30A4-4FD5-83FE-EF016B6653F2}.Debug|x86.Deploy.0 = Debug|x86
		{2FD6F37B-30A4-4FD5-83FE-EF016B6653F2}.Release|Any CPU.ActiveCfg = Release|Any CPU
		{2FD6F37B-30A4-4FD5-83FE-EF016B6653F2}.Release|Any CPU.Build.0 = Release|Any CPU
		{2FD6F37B-30A4-4FD5-83FE-EF016B6653F2}.Release|Any CPU.Deploy.0 = Release|Any CPU
		{2FD6F37B-30A4-4FD5-83FE-EF016B6653F2}.Release|ARM.ActiveCfg = Release|ARM
		{2FD6F37B-30A4-4FD5-83FE-EF016B6653F2}.Release|ARM.Build.0 = Release|ARM
		{2FD6F37B-30A4-4FD5-83FE-EF016B6653F2}.Release|ARM.Deploy.0 = Release|ARM
		{2FD6F37B-30A4-4FD5-83FE-EF016B6653F2}.Release|iPhone.ActiveCfg = Release|Any CPU
		{2FD6F37B-30A4-4FD5-83FE-EF016B6653F2}.Release|iPhone.Build.0 = Release|Any CPU
		{2FD6F37B-30A4-4FD5-83FE-EF016B6653F2}.Release|iPhone.Deploy.0 = Release|Any CPU
		{2FD6F37B-30A4-4FD5-83FE-EF016B6653F2}.Release|iPhoneSimulator.ActiveCfg = Release|Any CPU
		{2FD6F37B-30A4-4FD5-83FE-EF016B6653F2}.Release|iPhoneSimulator.Build.0 = Release|Any CPU
		{2FD6F37B-30A4-4FD5-83FE-EF016B6653F2}.Release|iPhoneSimulator.Deploy.0 = Release|Any CPU
		{2FD6F37B-30A4-4FD5-83FE-EF016B6653F2}.Release|x64.ActiveCfg = Release|x64
		{2FD6F37B-30A4-4FD5-83FE-EF016B6653F2}.Release|x64.Build.0 = Release|x64
		{2FD6F37B-30A4-4FD5-83FE-EF016B6653F2}.Release|x64.Deploy.0 = Release|x64
		{2FD6F37B-30A4-4FD5-83FE-EF016B6653F2}.Release|x86.ActiveCfg = Release|x86
		{2FD6F37B-30A4-4FD5-83FE-EF016B6653F2}.Release|x86.Build.0 = Release|x86
		{2FD6F37B-30A4-4FD5-83FE-EF016B6653F2}.Release|x86.Deploy.0 = Release|x86
	EndGlobalSection
	GlobalSection(SolutionProperties) = preSolution
		HideSolutionNode = FALSE
	EndGlobalSection
EndGlobal
